
Microsoft Visual Studio Solution File, Format Version 12.00
# Visual Studio 2012
Project("{FAE04EC0-301F-11D3-BF4B-00C04F79EFBC}") = "ProjectA", "ProjectA\ProjectA.csproj", "{9C81BD11-559C-4654-924D-1DF00B95751D}"
EndProject
Project("{FAE04EC0-301F-11D3-BF4B-00C04F79EFBC}") = "ProjectA.Tests", "ProjectA.Tests\ProjectA.Tests.csproj", "{F46CE424-E705-425F-BE96-895802DF83E7}"
EndProject
Global
	GlobalSection(SolutionConfigurationPlatforms) = preSolution
		Debug|Any CPU = Debug|Any CPU
		Release|Any CPU = Release|Any CPU
	EndGlobalSection
	GlobalSection(ProjectConfigurationPlatforms) = postSolution
		{9C81BD11-559C-4654-924D-1DF00B95751D}.Debug|Any CPU.ActiveCfg = Debug|Any CPU
		{9C81BD11-559C-4654-924D-1DF00B95751D}.Debug|Any CPU.Build.0 = Debug|Any CPU
		{9C81BD11-559C-4654-924D-1DF00B95751D}.Release|Any CPU.ActiveCfg = Release|Any CPU
		{9C81BD11-559C-4654-924D-1DF00B95751D}.Release|Any CPU.Build.0 = Release|Any CPU
		{F46CE424-E705-425F-BE96-895802DF83E7}.Debug|Any CPU.ActiveCfg = Debug|Any CPU
		{F46CE424-E705-425F-BE96-895802DF83E7}.Debug|Any CPU.Build.0 = Debug|Any CPU
		{F46CE424-E705-425F-BE96-895802DF83E7}.Release|Any CPU.ActiveCfg = Release|Any CPU
		{F46CE424-E705-425F-BE96-895802DF83E7}.Release|Any CPU.Build.0 = Release|Any CPU
	EndGlobalSection
	GlobalSection(SolutionProperties) = preSolution
		HideSolutionNode = FALSE
	EndGlobalSection
EndGlobal
